
Microsoft Visual Studio Solution File, Format Version 12.00
# Visual Studio Version 17
VisualStudioVersion = 17.0.31903.59
MinimumVisualStudioVersion = 10.0.40219.1
Project("{FAE04EC0-301F-11D3-BF4B-00C04F79EFBC}") = "Mobile.Android", "Mobile.Android\Mobile.Android.csproj", "{F201B83E-A2D6-4FBC-8E05-32A6865994D3}"
EndProject
Project("{FAE04EC0-301F-11D3-BF4B-00C04F79EFBC}") = "Mobile.iOS", "Mobile.iOS\Mobile.iOS.csproj", "{D20EEC15-3E73-41E8-BAFB-749F15705268}"
EndProject
Project("{FAE04EC0-301F-11D3-BF4B-00C04F79EFBC}") = "Mobile", "Mobile\Mobile.csproj", "{E318A44E-CE61-4A57-BB95-08E888FEDA17}"
EndProject
Global
	GlobalSection(SolutionConfigurationPlatforms) = preSolution
		Debug|Any CPU = Debug|Any CPU
		Debug|iPhone = Debug|iPhone
		Debug|iPhoneSimulator = Debug|iPhoneSimulator
		Release|Any CPU = Release|Any CPU
		Release|iPhone = Release|iPhone
		Release|iPhoneSimulator = Release|iPhoneSimulator
	EndGlobalSection
	GlobalSection(ProjectConfigurationPlatforms) = postSolution
		{F201B83E-A2D6-4FBC-8E05-32A6865994D3}.Debug|Any CPU.ActiveCfg = Debug|Any CPU
		{F201B83E-A2D6-4FBC-8E05-32A6865994D3}.Debug|Any CPU.Build.0 = Debug|Any CPU
		{F201B83E-A2D6-4FBC-8E05-32A6865994D3}.Debug|Any CPU.Deploy.0 = Debug|Any CPU
		{F201B83E-A2D6-4FBC-8E05-32A6865994D3}.Debug|iPhone.ActiveCfg = Debug|Any CPU
		{F201B83E-A2D6-4FBC-8E05-32A6865994D3}.Debug|iPhone.Build.0 = Debug|Any CPU
		{F201B83E-A2D6-4FBC-8E05-32A6865994D3}.Debug|iPhone.Deploy.0 = Debug|Any CPU
		{F201B83E-A2D6-4FBC-8E05-32A6865994D3}.Debug|iPhoneSimulator.ActiveCfg = Debug|Any CPU
		{F201B83E-A2D6-4FBC-8E05-32A6865994D3}.Debug|iPhoneSimulator.Build.0 = Debug|Any CPU
		{F201B83E-A2D6-4FBC-8E05-32A6865994D3}.Debug|iPhoneSimulator.Deploy.0 = Debug|Any CPU
		{F201B83E-A2D6-4FBC-8E05-32A6865994D3}.Release|Any CPU.ActiveCfg = Release|Any CPU
		{F201B83E-A2D6-4FBC-8E05-32A6865994D3}.Release|Any CPU.Build.0 = Release|Any CPU
		{F201B83E-A2D6-4FBC-8E05-32A6865994D3}.Release|Any CPU.Deploy.0 = Release|Any CPU
		{F201B83E-A2D6-4FBC-8E05-32A6865994D3}.Release|iPhone.ActiveCfg = Release|Any CPU
		{F201B83E-A2D6-4FBC-8E05-32A6865994D3}.Release|iPhone.Build.0 = Release|Any CPU
		{F201B83E-A2D6-4FBC-8E05-32A6865994D3}.Release|iPhone.Deploy.0 = Release|Any CPU
		{F201B83E-A2D6-4FBC-8E05-32A6865994D3}.Release|iPhoneSimulator.ActiveCfg = Release|Any CPU
		{F201B83E-A2D6-4FBC-8E05-32A6865994D3}.Release|iPhoneSimulator.Build.0 = Release|Any CPU
		{F201B83E-A2D6-4FBC-8E05-32A6865994D3}.Release|iPhoneSimulator.Deploy.0 = Release|Any CPU
		{D20EEC15-3E73-41E8-BAFB-749F15705268}.Debug|Any CPU.ActiveCfg = Debug|iPhone
		{D20EEC15-3E73-41E8-BAFB-749F15705268}.Debug|Any CPU.Build.0 = Debug|iPhone
		{D20EEC15-3E73-41E8-BAFB-749F15705268}.Debug|Any CPU.Deploy.0 = Debug|iPhone
		{D20EEC15-3E73-41E8-BAFB-749F15705268}.Debug|iPhone.ActiveCfg = Debug|iPhone
		{D20EEC15-3E73-41E8-BAFB-749F15705268}.Debug|iPhone.Build.0 = Debug|iPhone
		{D20EEC15-3E73-41E8-BAFB-749F15705268}.Debug|iPhone.Deploy.0 = Debug|iPhone
		{D20EEC15-3E73-41E8-BAFB-749F15705268}.Debug|iPhoneSimulator.ActiveCfg = Debug|iPhoneSimulator
		{D20EEC15-3E73-41E8-BAFB-749F15705268}.Debug|iPhoneSimulator.Build.0 = Debug|iPhoneSimulator
		{D20EEC15-3E73-41E8-BAFB-749F15705268}.Debug|iPhoneSimulator.Deploy.0 = Debug|iPhoneSimulator
		{D20EEC15-3E73-41E8-BAFB-749F15705268}.Release|Any CPU.ActiveCfg = Release|iPhoneSimulator
		{D20EEC15-3E73-41E8-BAFB-749F15705268}.Release|Any CPU.Build.0 = Release|iPhoneSimulator
		{D20EEC15-3E73-41E8-BAFB-749F15705268}.Release|Any CPU.Deploy.0 = Release|iPhoneSimulator
		{D20EEC15-3E73-41E8-BAFB-749F15705268}.Release|iPhone.ActiveCfg = Release|iPhone
		{D20EEC15-3E73-41E8-BAFB-749F15705268}.Release|iPhone.Build.0 = Release|iPhone
		{D20EEC15-3E73-41E8-BAFB-749F15705268}.Release|iPhone.Deploy.0 = Release|iPhone
		{D20EEC15-3E73-41E8-BAFB-749F15705268}.Release|iPhoneSimulator.ActiveCfg = Release|iPhoneSimulator
		{D20EEC15-3E73-41E8-BAFB-749F15705268}.Release|iPhoneSimulator.Build.0 = Release|iPhoneSimulator
		{D20EEC15-3E73-41E8-BAFB-749F15705268}.Release|iPhoneSimulator.Deploy.0 = Release|iPhoneSimulator
		{E318A44E-CE61-4A57-BB95-08E888FEDA17}.Debug|Any CPU.ActiveCfg = Debug|Any CPU
		{E318A44E-CE61-4A57-BB95-08E888FEDA17}.Debug|Any CPU.Build.0 = Debug|Any CPU
		{E318A44E-CE61-4A57-BB95-08E888FEDA17}.Debug|Any CPU.Deploy.0 = Debug|Any CPU
		{E318A44E-CE61-4A57-BB95-08E888FEDA17}.Debug|iPhone.ActiveCfg = Debug|Any CPU
		{E318A44E-CE61-4A57-BB95-08E888FEDA17}.Debug|iPhone.Build.0 = Debug|Any CPU
		{E318A44E-CE61-4A57-BB95-08E888FEDA17}.Debug|iPhone.Deploy.0 = Debug|Any CPU
		{E318A44E-CE61-4A57-BB95-08E888FEDA17}.Debug|iPhoneSimulator.ActiveCfg = Debug|Any CPU
		{E318A44E-CE61-4A57-BB95-08E888FEDA17}.Debug|iPhoneSimulator.Build.0 = Debug|Any CPU
		{E318A44E-CE61-4A57-BB95-08E888FEDA17}.Debug|iPhoneSimulator.Deploy.0 = Debug|Any CPU
		{E318A44E-CE61-4A57-BB95-08E888FEDA17}.Release|Any CPU.ActiveCfg = Release|Any CPU
		{E318A44E-CE61-4A57-BB95-08E888FEDA17}.Release|Any CPU.Build.0 = Release|Any CPU
		{E318A44E-CE61-4A57-BB95-08E888FEDA17}.Release|Any CPU.Deploy.0 = Release|Any CPU
		{E318A44E-CE61-4A57-BB95-08E888FEDA17}.Release|iPhone.ActiveCfg = Release|Any CPU
		{E318A44E-CE61-4A57-BB95-08E888FEDA17}.Release|iPhone.Build.0 = Release|Any CPU
		{E318A44E-CE61-4A57-BB95-08E888FEDA17}.Release|iPhone.Deploy.0 = Release|Any CPU
		{E318A44E-CE61-4A57-BB95-08E888FEDA17}.Release|iPhoneSimulator.ActiveCfg = Release|Any CPU
		{E318A44E-CE61-4A57-BB95-08E888FEDA17}.Release|iPhoneSimulator.Build.0 = Release|Any CPU
		{E318A44E-CE61-4A57-BB95-08E888FEDA17}.Release|iPhoneSimulator.Deploy.0 = Release|Any CPU
	EndGlobalSection
	GlobalSection(SolutionProperties) = preSolution
		HideSolutionNode = FALSE
	EndGlobalSection
	GlobalSection(ExtensibilityGlobals) = postSolution
		SolutionGuid = {A9ABE2F2-906E-4911-9821-43145BAC6E45}
	EndGlobalSection
EndGlobal
